// !$*UTF8*$!
{
	archiveVersion = 1;
	classes = {
	};
	objectVersion = 55;
	objects = {

/* Begin PBXBuildFile section */
		045E5C9B2750BF360025A883 /* AppDelegate.swift in Sources */ = {isa = PBXBuildFile; fileRef = 045E5C9A2750BF360025A883 /* AppDelegate.swift */; };
		045E5C9D2750BF360025A883 /* SceneDelegate.swift in Sources */ = {isa = PBXBuildFile; fileRef = 045E5C9C2750BF360025A883 /* SceneDelegate.swift */; };
		045E5C9F2750BF360025A883 /* ViewController.swift in Sources */ = {isa = PBXBuildFile; fileRef = 045E5C9E2750BF360025A883 /* ViewController.swift */; };
		045E5CA22750BF360025A883 /* Main.storyboard in Resources */ = {isa = PBXBuildFile; fileRef = 045E5CA02750BF360025A883 /* Main.storyboard */; };
		045E5CA42750BF390025A883 /* Assets.xcassets in Resources */ = {isa = PBXBuildFile; fileRef = 045E5CA32750BF390025A883 /* Assets.xcassets */; };
		045E5CA72750BF390025A883 /* LaunchScreen.storyboard in Resources */ = {isa = PBXBuildFile; fileRef = 045E5CA52750BF390025A883 /* LaunchScreen.storyboard */; };
		045E5CB22750BF390025A883 /* SwiftnytimesTests.swift in Sources */ = {isa = PBXBuildFile; fileRef = 045E5CB12750BF390025A883 /* SwiftnytimesTests.swift */; };
		045E5CBC2750BF3A0025A883 /* SwiftnytimesUITests.swift in Sources */ = {isa = PBXBuildFile; fileRef = 045E5CBB2750BF3A0025A883 /* SwiftnytimesUITests.swift */; };
		045E5CBE2750BF3A0025A883 /* SwiftnytimesUITestsLaunchTests.swift in Sources */ = {isa = PBXBuildFile; fileRef = 045E5CBD2750BF3A0025A883 /* SwiftnytimesUITestsLaunchTests.swift */; };
		045E5CCD2750CB510025A883 /* Reachability.swift in Sources */ = {isa = PBXBuildFile; fileRef = 045E5CCC2750CB510025A883 /* Reachability.swift */; };
		045E5CE12750D82C0025A883 /* APIRequest.swift in Sources */ = {isa = PBXBuildFile; fileRef = 045E5CE02750D82C0025A883 /* APIRequest.swift */; };
		045E5CE32750DCBD0025A883 /* Utilities.swift in Sources */ = {isa = PBXBuildFile; fileRef = 045E5CE22750DCBD0025A883 /* Utilities.swift */; };
		045E5CE62750E36A0025A883 /* Toast in Frameworks */ = {isa = PBXBuildFile; productRef = 045E5CE52750E36A0025A883 /* Toast */; };
		045E5CE82750F3D70025A883 /* Constants.swift in Sources */ = {isa = PBXBuildFile; fileRef = 045E5CE72750F3D70025A883 /* Constants.swift */; };
		045E5CEC2750FC8A0025A883 /* NewsEventDocumentTableViewCell.xib in Resources */ = {isa = PBXBuildFile; fileRef = 045E5CEA2750FC8A0025A883 /* NewsEventDocumentTableViewCell.xib */; };
		045E5CED2750FC8A0025A883 /* NewsEventDocumentTableViewCell.swift in Sources */ = {isa = PBXBuildFile; fileRef = 045E5CEB2750FC8A0025A883 /* NewsEventDocumentTableViewCell.swift */; };
		045E5CF02751093B0025A883 /* NewsEntity.swift in Sources */ = {isa = PBXBuildFile; fileRef = 045E5CEF2751093B0025A883 /* NewsEntity.swift */; };
		045E5CF227510F950025A883 /* NewsDataManager.swift in Sources */ = {isa = PBXBuildFile; fileRef = 045E5CF127510F950025A883 /* NewsDataManager.swift */; };
		045E5CF427521BFD0025A883 /* NewsDetailViewController.swift in Sources */ = {isa = PBXBuildFile; fileRef = 045E5CF327521BFD0025A883 /* NewsDetailViewController.swift */; };
		366CAA4541C32ED162401885 /* Pods_Swiftnytimes.framework in Frameworks */ = {isa = PBXBuildFile; fileRef = 7A4CED069DA8D34EA0D89023 /* Pods_Swiftnytimes.framework */; };
		8FF2C760914BFFA99E6A48AE /* Pods_Swiftnytimes_SwiftnytimesUITests.framework in Frameworks */ = {isa = PBXBuildFile; fileRef = 6BAAE1A20F8E7ACAEEAF98B8 /* Pods_Swiftnytimes_SwiftnytimesUITests.framework */; };
		EB645BDECDB9B4E31339A215 /* Pods_SwiftnytimesTests.framework in Frameworks */ = {isa = PBXBuildFile; fileRef = DF67C3FD51AD55D7C6635F9E /* Pods_SwiftnytimesTests.framework */; };
/* End PBXBuildFile section */

/* Begin PBXContainerItemProxy section */
		045E5CAE2750BF390025A883 /* PBXContainerItemProxy */ = {
			isa = PBXContainerItemProxy;
			containerPortal = 045E5C8F2750BF360025A883 /* Project object */;
			proxyType = 1;
			remoteGlobalIDString = 045E5C962750BF360025A883;
			remoteInfo = Swiftnytimes;
		};
		045E5CB82750BF3A0025A883 /* PBXContainerItemProxy */ = {
			isa = PBXContainerItemProxy;
			containerPortal = 045E5C8F2750BF360025A883 /* Project object */;
			proxyType = 1;
			remoteGlobalIDString = 045E5C962750BF360025A883;
			remoteInfo = Swiftnytimes;
		};
/* End PBXContainerItemProxy section */

/* Begin PBXFileReference section */
		045E5C972750BF360025A883 /* Swiftnytimes.app */ = {isa = PBXFileReference; explicitFileType = wrapper.application; includeInIndex = 0; path = Swiftnytimes.app; sourceTree = BUILT_PRODUCTS_DIR; };
		045E5C9A2750BF360025A883 /* AppDelegate.swift */ = {isa = PBXFileReference; lastKnownFileType = sourcecode.swift; path = AppDelegate.swift; sourceTree = "<group>"; };
		045E5C9C2750BF360025A883 /* SceneDelegate.swift */ = {isa = PBXFileReference; lastKnownFileType = sourcecode.swift; path = SceneDelegate.swift; sourceTree = "<group>"; };
		045E5C9E2750BF360025A883 /* ViewController.swift */ = {isa = PBXFileReference; lastKnownFileType = sourcecode.swift; path = ViewController.swift; sourceTree = "<group>"; };
		045E5CA12750BF360025A883 /* Base */ = {isa = PBXFileReference; lastKnownFileType = file.storyboard; name = Base; path = Base.lproj/Main.storyboard; sourceTree = "<group>"; };
		045E5CA32750BF390025A883 /* Assets.xcassets */ = {isa = PBXFileReference; lastKnownFileType = folder.assetcatalog; path = Assets.xcassets; sourceTree = "<group>"; };
		045E5CA62750BF390025A883 /* Base */ = {isa = PBXFileReference; lastKnownFileType = file.storyboard; name = Base; path = Base.lproj/LaunchScreen.storyboard; sourceTree = "<group>"; };
		045E5CA82750BF390025A883 /* Info.plist */ = {isa = PBXFileReference; lastKnownFileType = text.plist.xml; path = Info.plist; sourceTree = "<group>"; };
		045E5CAD2750BF390025A883 /* SwiftnytimesTests.xctest */ = {isa = PBXFileReference; explicitFileType = wrapper.cfbundle; includeInIndex = 0; path = SwiftnytimesTests.xctest; sourceTree = BUILT_PRODUCTS_DIR; };
		045E5CB12750BF390025A883 /* SwiftnytimesTests.swift */ = {isa = PBXFileReference; lastKnownFileType = sourcecode.swift; path = SwiftnytimesTests.swift; sourceTree = "<group>"; };
		045E5CB72750BF3A0025A883 /* SwiftnytimesUITests.xctest */ = {isa = PBXFileReference; explicitFileType = wrapper.cfbundle; includeInIndex = 0; path = SwiftnytimesUITests.xctest; sourceTree = BUILT_PRODUCTS_DIR; };
		045E5CBB2750BF3A0025A883 /* SwiftnytimesUITests.swift */ = {isa = PBXFileReference; lastKnownFileType = sourcecode.swift; path = SwiftnytimesUITests.swift; sourceTree = "<group>"; };
		045E5CBD2750BF3A0025A883 /* SwiftnytimesUITestsLaunchTests.swift */ = {isa = PBXFileReference; lastKnownFileType = sourcecode.swift; path = SwiftnytimesUITestsLaunchTests.swift; sourceTree = "<group>"; };
		045E5CCC2750CB510025A883 /* Reachability.swift */ = {isa = PBXFileReference; lastKnownFileType = sourcecode.swift; path = Reachability.swift; sourceTree = "<group>"; };
		045E5CE02750D82C0025A883 /* APIRequest.swift */ = {isa = PBXFileReference; lastKnownFileType = sourcecode.swift; path = APIRequest.swift; sourceTree = "<group>"; };
		045E5CE22750DCBD0025A883 /* Utilities.swift */ = {isa = PBXFileReference; fileEncoding = 4; lastKnownFileType = sourcecode.swift; path = Utilities.swift; sourceTree = "<group>"; };
		045E5CE72750F3D70025A883 /* Constants.swift */ = {isa = PBXFileReference; fileEncoding = 4; lastKnownFileType = sourcecode.swift; path = Constants.swift; sourceTree = "<group>"; };
		045E5CEA2750FC8A0025A883 /* NewsEventDocumentTableViewCell.xib */ = {isa = PBXFileReference; fileEncoding = 4; lastKnownFileType = file.xib; path = NewsEventDocumentTableViewCell.xib; sourceTree = "<group>"; };
		045E5CEB2750FC8A0025A883 /* NewsEventDocumentTableViewCell.swift */ = {isa = PBXFileReference; fileEncoding = 4; lastKnownFileType = sourcecode.swift; path = NewsEventDocumentTableViewCell.swift; sourceTree = "<group>"; };
		045E5CEF2751093B0025A883 /* NewsEntity.swift */ = {isa = PBXFileReference; lastKnownFileType = sourcecode.swift; path = NewsEntity.swift; sourceTree = "<group>"; };
		045E5CF127510F950025A883 /* NewsDataManager.swift */ = {isa = PBXFileReference; lastKnownFileType = sourcecode.swift; path = NewsDataManager.swift; sourceTree = "<group>"; };
		045E5CF327521BFD0025A883 /* NewsDetailViewController.swift */ = {isa = PBXFileReference; lastKnownFileType = sourcecode.swift; path = NewsDetailViewController.swift; sourceTree = "<group>"; };
		2BF2296BC963C0C7097A9731 /* Pods-Swiftnytimes.release.xcconfig */ = {isa = PBXFileReference; includeInIndex = 1; lastKnownFileType = text.xcconfig; name = "Pods-Swiftnytimes.release.xcconfig"; path = "Target Support Files/Pods-Swiftnytimes/Pods-Swiftnytimes.release.xcconfig"; sourceTree = "<group>"; };
		3530E2637294737AA3133BA7 /* Pods-SwiftnytimesTests.release.xcconfig */ = {isa = PBXFileReference; includeInIndex = 1; lastKnownFileType = text.xcconfig; name = "Pods-SwiftnytimesTests.release.xcconfig"; path = "Target Support Files/Pods-SwiftnytimesTests/Pods-SwiftnytimesTests.release.xcconfig"; sourceTree = "<group>"; };
		5F73E3B35996B162B155EAC7 /* Pods-Swiftnytimes.debug.xcconfig */ = {isa = PBXFileReference; includeInIndex = 1; lastKnownFileType = text.xcconfig; name = "Pods-Swiftnytimes.debug.xcconfig"; path = "Target Support Files/Pods-Swiftnytimes/Pods-Swiftnytimes.debug.xcconfig"; sourceTree = "<group>"; };
		67284D42CD73F37E5B30DD05 /* Pods-Swiftnytimes-SwiftnytimesUITests.debug.xcconfig */ = {isa = PBXFileReference; includeInIndex = 1; lastKnownFileType = text.xcconfig; name = "Pods-Swiftnytimes-SwiftnytimesUITests.debug.xcconfig"; path = "Target Support Files/Pods-Swiftnytimes-SwiftnytimesUITests/Pods-Swiftnytimes-SwiftnytimesUITests.debug.xcconfig"; sourceTree = "<group>"; };
		6BAAE1A20F8E7ACAEEAF98B8 /* Pods_Swiftnytimes_SwiftnytimesUITests.framework */ = {isa = PBXFileReference; explicitFileType = wrapper.framework; includeInIndex = 0; path = Pods_Swiftnytimes_SwiftnytimesUITests.framework; sourceTree = BUILT_PRODUCTS_DIR; };
		7A4CED069DA8D34EA0D89023 /* Pods_Swiftnytimes.framework */ = {isa = PBXFileReference; explicitFileType = wrapper.framework; includeInIndex = 0; path = Pods_Swiftnytimes.framework; sourceTree = BUILT_PRODUCTS_DIR; };
		DF67C3FD51AD55D7C6635F9E /* Pods_SwiftnytimesTests.framework */ = {isa = PBXFileReference; explicitFileType = wrapper.framework; includeInIndex = 0; path = Pods_SwiftnytimesTests.framework; sourceTree = BUILT_PRODUCTS_DIR; };
		EE7E635B899EEE0DF78C7BC3 /* Pods-SwiftnytimesTests.debug.xcconfig */ = {isa = PBXFileReference; includeInIndex = 1; lastKnownFileType = text.xcconfig; name = "Pods-SwiftnytimesTests.debug.xcconfig"; path = "Target Support Files/Pods-SwiftnytimesTests/Pods-SwiftnytimesTests.debug.xcconfig"; sourceTree = "<group>"; };
		FAA9876D5278C01ABE5BFBF0 /* Pods-Swiftnytimes-SwiftnytimesUITests.release.xcconfig */ = {isa = PBXFileReference; includeInIndex = 1; lastKnownFileType = text.xcconfig; name = "Pods-Swiftnytimes-SwiftnytimesUITests.release.xcconfig"; path = "Target Support Files/Pods-Swiftnytimes-SwiftnytimesUITests/Pods-Swiftnytimes-SwiftnytimesUITests.release.xcconfig"; sourceTree = "<group>"; };
/* End PBXFileReference section */

/* Begin PBXFrameworksBuildPhase section */
		045E5C942750BF360025A883 /* Frameworks */ = {
			isa = PBXFrameworksBuildPhase;
			buildActionMask = 2147483647;
			files = (
				045E5CE62750E36A0025A883 /* Toast in Frameworks */,
				366CAA4541C32ED162401885 /* Pods_Swiftnytimes.framework in Frameworks */,
			);
			runOnlyForDeploymentPostprocessing = 0;
		};
		045E5CAA2750BF390025A883 /* Frameworks */ = {
			isa = PBXFrameworksBuildPhase;
			buildActionMask = 2147483647;
			files = (
				EB645BDECDB9B4E31339A215 /* Pods_SwiftnytimesTests.framework in Frameworks */,
			);
			runOnlyForDeploymentPostprocessing = 0;
		};
		045E5CB42750BF3A0025A883 /* Frameworks */ = {
			isa = PBXFrameworksBuildPhase;
			buildActionMask = 2147483647;
			files = (
				8FF2C760914BFFA99E6A48AE /* Pods_Swiftnytimes_SwiftnytimesUITests.framework in Frameworks */,
			);
			runOnlyForDeploymentPostprocessing = 0;
		};
/* End PBXFrameworksBuildPhase section */

/* Begin PBXGroup section */
		045E5C8E2750BF360025A883 = {
			isa = PBXGroup;
			children = (
				045E5C992750BF360025A883 /* Swiftnytimes */,
				045E5CB02750BF390025A883 /* SwiftnytimesTests */,
				045E5CBA2750BF3A0025A883 /* SwiftnytimesUITests */,
				045E5C982750BF360025A883 /* Products */,
				706C68C6DD416F0AF7956113 /* Pods */,
				A0704026CC1E1B0A86FA2242 /* Frameworks */,
			);
			sourceTree = "<group>";
		};
		045E5C982750BF360025A883 /* Products */ = {
			isa = PBXGroup;
			children = (
				045E5C972750BF360025A883 /* Swiftnytimes.app */,
				045E5CAD2750BF390025A883 /* SwiftnytimesTests.xctest */,
				045E5CB72750BF3A0025A883 /* SwiftnytimesUITests.xctest */,
			);
			name = Products;
			sourceTree = "<group>";
		};
		045E5C992750BF360025A883 /* Swiftnytimes */ = {
			isa = PBXGroup;
			children = (
				045E5CF6275223A10025A883 /* View */,
				045E5CF5275223860025A883 /* Controller */,
				045E5CEE275108F20025A883 /* Data */,
				045E5CE92750FC770025A883 /* TableViewCell */,
				045E5CCB2750CB0D0025A883 /* Utils */,
				045E5CA32750BF390025A883 /* Assets.xcassets */,
				045E5CA82750BF390025A883 /* Info.plist */,
			);
			path = Swiftnytimes;
			sourceTree = "<group>";
		};
		045E5CB02750BF390025A883 /* SwiftnytimesTests */ = {
			isa = PBXGroup;
			children = (
				045E5CB12750BF390025A883 /* SwiftnytimesTests.swift */,
			);
			path = SwiftnytimesTests;
			sourceTree = "<group>";
		};
		045E5CBA2750BF3A0025A883 /* SwiftnytimesUITests */ = {
			isa = PBXGroup;
			children = (
				045E5CBB2750BF3A0025A883 /* SwiftnytimesUITests.swift */,
				045E5CBD2750BF3A0025A883 /* SwiftnytimesUITestsLaunchTests.swift */,
			);
			path = SwiftnytimesUITests;
			sourceTree = "<group>";
		};
		045E5CCB2750CB0D0025A883 /* Utils */ = {
			isa = PBXGroup;
			children = (
				045E5CE72750F3D70025A883 /* Constants.swift */,
				045E5CE22750DCBD0025A883 /* Utilities.swift */,
				045E5CCC2750CB510025A883 /* Reachability.swift */,
				045E5CE02750D82C0025A883 /* APIRequest.swift */,
			);
			path = Utils;
			sourceTree = "<group>";
		};
		045E5CE92750FC770025A883 /* TableViewCell */ = {
			isa = PBXGroup;
			children = (
				045E5CEB2750FC8A0025A883 /* NewsEventDocumentTableViewCell.swift */,
				045E5CEA2750FC8A0025A883 /* NewsEventDocumentTableViewCell.xib */,
			);
			path = TableViewCell;
			sourceTree = "<group>";
		};
		045E5CEE275108F20025A883 /* Data */ = {
			isa = PBXGroup;
			children = (
				045E5CEF2751093B0025A883 /* NewsEntity.swift */,
				045E5CF127510F950025A883 /* NewsDataManager.swift */,
			);
			path = Data;
			sourceTree = "<group>";
		};
		045E5CF5275223860025A883 /* Controller */ = {
			isa = PBXGroup;
			children = (
				045E5C9A2750BF360025A883 /* AppDelegate.swift */,
				045E5C9C2750BF360025A883 /* SceneDelegate.swift */,
				045E5C9E2750BF360025A883 /* ViewController.swift */,
				045E5CF327521BFD0025A883 /* NewsDetailViewController.swift */,
			);
			path = Controller;
			sourceTree = "<group>";
		};
		045E5CF6275223A10025A883 /* View */ = {
			isa = PBXGroup;
			children = (
				045E5CA02750BF360025A883 /* Main.storyboard */,
				045E5CA52750BF390025A883 /* LaunchScreen.storyboard */,
			);
			path = View;
			sourceTree = "<group>";
		};
		706C68C6DD416F0AF7956113 /* Pods */ = {
			isa = PBXGroup;
			children = (
				5F73E3B35996B162B155EAC7 /* Pods-Swiftnytimes.debug.xcconfig */,
				2BF2296BC963C0C7097A9731 /* Pods-Swiftnytimes.release.xcconfig */,
				67284D42CD73F37E5B30DD05 /* Pods-Swiftnytimes-SwiftnytimesUITests.debug.xcconfig */,
				FAA9876D5278C01ABE5BFBF0 /* Pods-Swiftnytimes-SwiftnytimesUITests.release.xcconfig */,
				EE7E635B899EEE0DF78C7BC3 /* Pods-SwiftnytimesTests.debug.xcconfig */,
				3530E2637294737AA3133BA7 /* Pods-SwiftnytimesTests.release.xcconfig */,
			);
			path = Pods;
			sourceTree = "<group>";
		};
		A0704026CC1E1B0A86FA2242 /* Frameworks */ = {
			isa = PBXGroup;
			children = (
				7A4CED069DA8D34EA0D89023 /* Pods_Swiftnytimes.framework */,
				6BAAE1A20F8E7ACAEEAF98B8 /* Pods_Swiftnytimes_SwiftnytimesUITests.framework */,
				DF67C3FD51AD55D7C6635F9E /* Pods_SwiftnytimesTests.framework */,
			);
			name = Frameworks;
			sourceTree = "<group>";
		};
/* End PBXGroup section */

/* Begin PBXNativeTarget section */
		045E5C962750BF360025A883 /* Swiftnytimes */ = {
			isa = PBXNativeTarget;
			buildConfigurationList = 045E5CC12750BF3A0025A883 /* Build configuration list for PBXNativeTarget "Swiftnytimes" */;
			buildPhases = (
				12AEB0EBD1D1EB85B191F12D /* [CP] Check Pods Manifest.lock */,
				045E5C932750BF360025A883 /* Sources */,
				045E5C942750BF360025A883 /* Frameworks */,
				045E5C952750BF360025A883 /* Resources */,
				E8C8B9C300921620F7B482A4 /* [CP] Embed Pods Frameworks */,
			);
			buildRules = (
			);
			dependencies = (
			);
			name = Swiftnytimes;
			packageProductDependencies = (
				045E5CE52750E36A0025A883 /* Toast */,
			);
			productName = Swiftnytimes;
			productReference = 045E5C972750BF360025A883 /* Swiftnytimes.app */;
			productType = "com.apple.product-type.application";
		};
		045E5CAC2750BF390025A883 /* SwiftnytimesTests */ = {
			isa = PBXNativeTarget;
			buildConfigurationList = 045E5CC42750BF3A0025A883 /* Build configuration list for PBXNativeTarget "SwiftnytimesTests" */;
			buildPhases = (
				2E60604B6B9FFF0C24EB2FCF /* [CP] Check Pods Manifest.lock */,
				045E5CA92750BF390025A883 /* Sources */,
				045E5CAA2750BF390025A883 /* Frameworks */,
				045E5CAB2750BF390025A883 /* Resources */,
			);
			buildRules = (
			);
			dependencies = (
				045E5CAF2750BF390025A883 /* PBXTargetDependency */,
			);
			name = SwiftnytimesTests;
			productName = SwiftnytimesTests;
			productReference = 045E5CAD2750BF390025A883 /* SwiftnytimesTests.xctest */;
			productType = "com.apple.product-type.bundle.unit-test";
		};
		045E5CB62750BF3A0025A883 /* SwiftnytimesUITests */ = {
			isa = PBXNativeTarget;
			buildConfigurationList = 045E5CC72750BF3A0025A883 /* Build configuration list for PBXNativeTarget "SwiftnytimesUITests" */;
			buildPhases = (
				21F4CDFB11099721F8AE3BA3 /* [CP] Check Pods Manifest.lock */,
				045E5CB32750BF3A0025A883 /* Sources */,
				045E5CB42750BF3A0025A883 /* Frameworks */,
				045E5CB52750BF3A0025A883 /* Resources */,
				400E56B4682F21D27F609FEB /* [CP] Embed Pods Frameworks */,
			);
			buildRules = (
			);
			dependencies = (
				045E5CB92750BF3A0025A883 /* PBXTargetDependency */,
			);
			name = SwiftnytimesUITests;
			productName = SwiftnytimesUITests;
			productReference = 045E5CB72750BF3A0025A883 /* SwiftnytimesUITests.xctest */;
			productType = "com.apple.product-type.bundle.ui-testing";
		};
/* End PBXNativeTarget section */

/* Begin PBXProject section */
		045E5C8F2750BF360025A883 /* Project object */ = {
			isa = PBXProject;
			attributes = {
				BuildIndependentTargetsInParallel = 1;
				LastSwiftUpdateCheck = 1300;
				LastUpgradeCheck = 1300;
				TargetAttributes = {
					045E5C962750BF360025A883 = {
						CreatedOnToolsVersion = 13.0;
					};
					045E5CAC2750BF390025A883 = {
						CreatedOnToolsVersion = 13.0;
						TestTargetID = 045E5C962750BF360025A883;
					};
					045E5CB62750BF3A0025A883 = {
						CreatedOnToolsVersion = 13.0;
						TestTargetID = 045E5C962750BF360025A883;
					};
				};
			};
			buildConfigurationList = 045E5C922750BF360025A883 /* Build configuration list for PBXProject "Swiftnytimes" */;
			compatibilityVersion = "Xcode 13.0";
			developmentRegion = en;
			hasScannedForEncodings = 0;
			knownRegions = (
				en,
				Base,
			);
			mainGroup = 045E5C8E2750BF360025A883;
			packageReferences = (
				045E5CE42750E36A0025A883 /* XCRemoteSwiftPackageReference "Toast-Swift" */,
			);
			productRefGroup = 045E5C982750BF360025A883 /* Products */;
			projectDirPath = "";
			projectRoot = "";
			targets = (
				045E5C962750BF360025A883 /* Swiftnytimes */,
				045E5CAC2750BF390025A883 /* SwiftnytimesTests */,
				045E5CB62750BF3A0025A883 /* SwiftnytimesUITests */,
			);
		};
/* End PBXProject section */

/* Begin PBXResourcesBuildPhase section */
		045E5C952750BF360025A883 /* Resources */ = {
			isa = PBXResourcesBuildPhase;
			buildActionMask = 2147483647;
			files = (
				045E5CEC2750FC8A0025A883 /* NewsEventDocumentTableViewCell.xib in Resources */,
				045E5CA72750BF390025A883 /* LaunchScreen.storyboard in Resources */,
				045E5CA42750BF390025A883 /* Assets.xcassets in Resources */,
				045E5CA22750BF360025A883 /* Main.storyboard in Resources */,
			);
			runOnlyForDeploymentPostprocessing = 0;
		};
		045E5CAB2750BF390025A883 /* Resources */ = {
			isa = PBXResourcesBuildPhase;
			buildActionMask = 2147483647;
			files = (
			);
			runOnlyForDeploymentPostprocessing = 0;
		};
		045E5CB52750BF3A0025A883 /* Resources */ = {
			isa = PBXResourcesBuildPhase;
			buildActionMask = 2147483647;
			files = (
			);
			runOnlyForDeploymentPostprocessing = 0;
		};
/* End PBXResourcesBuildPhase section */

/* Begin PBXShellScriptBuildPhase section */
		12AEB0EBD1D1EB85B191F12D /* [CP] Check Pods Manifest.lock */ = {
			isa = PBXShellScriptBuildPhase;
			buildActionMask = 2147483647;
			files = (
			);
			inputFileListPaths = (
			);
			inputPaths = (
				"${PODS_PODFILE_DIR_PATH}/Podfile.lock",
				"${PODS_ROOT}/Manifest.lock",
			);
			name = "[CP] Check Pods Manifest.lock";
			outputFileListPaths = (
			);
			outputPaths = (
				"$(DERIVED_FILE_DIR)/Pods-Swiftnytimes-checkManifestLockResult.txt",
			);
			runOnlyForDeploymentPostprocessing = 0;
			shellPath = /bin/sh;
			shellScript = "diff \"${PODS_PODFILE_DIR_PATH}/Podfile.lock\" \"${PODS_ROOT}/Manifest.lock\" > /dev/null\nif [ $? != 0 ] ; then\n    # print error to STDERR\n    echo \"error: The sandbox is not in sync with the Podfile.lock. Run 'pod install' or update your CocoaPods installation.\" >&2\n    exit 1\nfi\n# This output is used by Xcode 'outputs' to avoid re-running this script phase.\necho \"SUCCESS\" > \"${SCRIPT_OUTPUT_FILE_0}\"\n";
			showEnvVarsInLog = 0;
		};
		21F4CDFB11099721F8AE3BA3 /* [CP] Check Pods Manifest.lock */ = {
			isa = PBXShellScriptBuildPhase;
			buildActionMask = 2147483647;
			files = (
			);
			inputFileListPaths = (
			);
			inputPaths = (
				"${PODS_PODFILE_DIR_PATH}/Podfile.lock",
				"${PODS_ROOT}/Manifest.lock",
			);
			name = "[CP] Check Pods Manifest.lock";
			outputFileListPaths = (
			);
			outputPaths = (
				"$(DERIVED_FILE_DIR)/Pods-Swiftnytimes-SwiftnytimesUITests-checkManifestLockResult.txt",
			);
			runOnlyForDeploymentPostprocessing = 0;
			shellPath = /bin/sh;
			shellScript = "diff \"${PODS_PODFILE_DIR_PATH}/Podfile.lock\" \"${PODS_ROOT}/Manifest.lock\" > /dev/null\nif [ $? != 0 ] ; then\n    # print error to STDERR\n    echo \"error: The sandbox is not in sync with the Podfile.lock. Run 'pod install' or update your CocoaPods installation.\" >&2\n    exit 1\nfi\n# This output is used by Xcode 'outputs' to avoid re-running this script phase.\necho \"SUCCESS\" > \"${SCRIPT_OUTPUT_FILE_0}\"\n";
			showEnvVarsInLog = 0;
		};
		2E60604B6B9FFF0C24EB2FCF /* [CP] Check Pods Manifest.lock */ = {
			isa = PBXShellScriptBuildPhase;
			buildActionMask = 2147483647;
			files = (
			);
			inputFileListPaths = (
			);
			inputPaths = (
				"${PODS_PODFILE_DIR_PATH}/Podfile.lock",
				"${PODS_ROOT}/Manifest.lock",
			);
			name = "[CP] Check Pods Manifest.lock";
			outputFileListPaths = (
			);
			outputPaths = (
				"$(DERIVED_FILE_DIR)/Pods-SwiftnytimesTests-checkManifestLockResult.txt",
			);
			runOnlyForDeploymentPostprocessing = 0;
			shellPath = /bin/sh;
			shellScript = "diff \"${PODS_PODFILE_DIR_PATH}/Podfile.lock\" \"${PODS_ROOT}/Manifest.lock\" > /dev/null\nif [ $? != 0 ] ; then\n    # print error to STDERR\n    echo \"error: The sandbox is not in sync with the Podfile.lock. Run 'pod install' or update your CocoaPods installation.\" >&2\n    exit 1\nfi\n# This output is used by Xcode 'outputs' to avoid re-running this script phase.\necho \"SUCCESS\" > \"${SCRIPT_OUTPUT_FILE_0}\"\n";
			showEnvVarsInLog = 0;
		};
		400E56B4682F21D27F609FEB /* [CP] Embed Pods Frameworks */ = {
			isa = PBXShellScriptBuildPhase;
			buildActionMask = 2147483647;
			files = (
			);
			inputFileListPaths = (
				"${PODS_ROOT}/Target Support Files/Pods-Swiftnytimes-SwiftnytimesUITests/Pods-Swiftnytimes-SwiftnytimesUITests-frameworks-${CONFIGURATION}-input-files.xcfilelist",
			);
			name = "[CP] Embed Pods Frameworks";
			outputFileListPaths = (
				"${PODS_ROOT}/Target Support Files/Pods-Swiftnytimes-SwiftnytimesUITests/Pods-Swiftnytimes-SwiftnytimesUITests-frameworks-${CONFIGURATION}-output-files.xcfilelist",
			);
			runOnlyForDeploymentPostprocessing = 0;
			shellPath = /bin/sh;
			shellScript = "\"${PODS_ROOT}/Target Support Files/Pods-Swiftnytimes-SwiftnytimesUITests/Pods-Swiftnytimes-SwiftnytimesUITests-frameworks.sh\"\n";
			showEnvVarsInLog = 0;
		};
		E8C8B9C300921620F7B482A4 /* [CP] Embed Pods Frameworks */ = {
			isa = PBXShellScriptBuildPhase;
			buildActionMask = 2147483647;
			files = (
			);
			inputFileListPaths = (
				"${PODS_ROOT}/Target Support Files/Pods-Swiftnytimes/Pods-Swiftnytimes-frameworks-${CONFIGURATION}-input-files.xcfilelist",
			);
			name = "[CP] Embed Pods Frameworks";
			outputFileListPaths = (
				"${PODS_ROOT}/Target Support Files/Pods-Swiftnytimes/Pods-Swiftnytimes-frameworks-${CONFIGURATION}-output-files.xcfilelist",
			);
			runOnlyForDeploymentPostprocessing = 0;
			shellPath = /bin/sh;
			shellScript = "\"${PODS_ROOT}/Target Support Files/Pods-Swiftnytimes/Pods-Swiftnytimes-frameworks.sh\"\n";
			showEnvVarsInLog = 0;
		};
/* End PBXShellScriptBuildPhase section */

/* Begin PBXSourcesBuildPhase section */
		045E5C932750BF360025A883 /* Sources */ = {
			isa = PBXSourcesBuildPhase;
			buildActionMask = 2147483647;
			files = (
				045E5CED2750FC8A0025A883 /* NewsEventDocumentTableViewCell.swift in Sources */,
				045E5CE32750DCBD0025A883 /* Utilities.swift in Sources */,
				045E5C9F2750BF360025A883 /* ViewController.swift in Sources */,
				045E5C9B2750BF360025A883 /* AppDelegate.swift in Sources */,
				045E5CF02751093B0025A883 /* NewsEntity.swift in Sources */,
				045E5CCD2750CB510025A883 /* Reachability.swift in Sources */,
				045E5CF427521BFD0025A883 /* NewsDetailViewController.swift in Sources */,
				045E5CF227510F950025A883 /* NewsDataManager.swift in Sources */,
				045E5CE82750F3D70025A883 /* Constants.swift in Sources */,
				045E5CE12750D82C0025A883 /* APIRequest.swift in Sources */,
				045E5C9D2750BF360025A883 /* SceneDelegate.swift in Sources */,
			);
			runOnlyForDeploymentPostprocessing = 0;
		};
		045E5CA92750BF390025A883 /* Sources */ = {
			isa = PBXSourcesBuildPhase;
			buildActionMask = 2147483647;
			files = (
				045E5CB22750BF390025A883 /* SwiftnytimesTests.swift in Sources */,
			);
			runOnlyForDeploymentPostprocessing = 0;
		};
		045E5CB32750BF3A0025A883 /* Sources */ = {
			isa = PBXSourcesBuildPhase;
			buildActionMask = 2147483647;
			files = (
				045E5CBE2750BF3A0025A883 /* SwiftnytimesUITestsLaunchTests.swift in Sources */,
				045E5CBC2750BF3A0025A883 /* SwiftnytimesUITests.swift in Sources */,
			);
			runOnlyForDeploymentPostprocessing = 0;
		};
/* End PBXSourcesBuildPhase section */

/* Begin PBXTargetDependency section */
		045E5CAF2750BF390025A883 /* PBXTargetDependency */ = {
			isa = PBXTargetDependency;
			target = 045E5C962750BF360025A883 /* Swiftnytimes */;
			targetProxy = 045E5CAE2750BF390025A883 /* PBXContainerItemProxy */;
		};
		045E5CB92750BF3A0025A883 /* PBXTargetDependency */ = {
			isa = PBXTargetDependency;
			target = 045E5C962750BF360025A883 /* Swiftnytimes */;
			targetProxy = 045E5CB82750BF3A0025A883 /* PBXContainerItemProxy */;
		};
/* End PBXTargetDependency section */

/* Begin PBXVariantGroup section */
		045E5CA02750BF360025A883 /* Main.storyboard */ = {
			isa = PBXVariantGroup;
			children = (
				045E5CA12750BF360025A883 /* Base */,
			);
			name = Main.storyboard;
			sourceTree = "<group>";
		};
		045E5CA52750BF390025A883 /* LaunchScreen.storyboard */ = {
			isa = PBXVariantGroup;
			children = (
				045E5CA62750BF390025A883 /* Base */,
			);
			name = LaunchScreen.storyboard;
			sourceTree = "<group>";
		};
/* End PBXVariantGroup section */

/* Begin XCBuildConfiguration section */
		045E5CBF2750BF3A0025A883 /* Debug */ = {
			isa = XCBuildConfiguration;
			buildSettings = {
				ALWAYS_SEARCH_USER_PATHS = NO;
				CLANG_ANALYZER_NONNULL = YES;
				CLANG_ANALYZER_NUMBER_OBJECT_CONVERSION = YES_AGGRESSIVE;
				CLANG_CXX_LANGUAGE_STANDARD = "gnu++17";
				CLANG_CXX_LIBRARY = "libc++";
				CLANG_ENABLE_MODULES = YES;
				CLANG_ENABLE_OBJC_ARC = YES;
				CLANG_ENABLE_OBJC_WEAK = YES;
				CLANG_WARN_BLOCK_CAPTURE_AUTORELEASING = YES;
				CLANG_WARN_BOOL_CONVERSION = YES;
				CLANG_WARN_COMMA = YES;
				CLANG_WARN_CONSTANT_CONVERSION = YES;
				CLANG_WARN_DEPRECATED_OBJC_IMPLEMENTATIONS = YES;
				CLANG_WARN_DIRECT_OBJC_ISA_USAGE = YES_ERROR;
				CLANG_WARN_DOCUMENTATION_COMMENTS = YES;
				CLANG_WARN_EMPTY_BODY = YES;
				CLANG_WARN_ENUM_CONVERSION = YES;
				CLANG_WARN_INFINITE_RECURSION = YES;
				CLANG_WARN_INT_CONVERSION = YES;
				CLANG_WARN_NON_LITERAL_NULL_CONVERSION = YES;
				CLANG_WARN_OBJC_IMPLICIT_RETAIN_SELF = YES;
				CLANG_WARN_OBJC_LITERAL_CONVERSION = YES;
				CLANG_WARN_OBJC_ROOT_CLASS = YES_ERROR;
				CLANG_WARN_QUOTED_INCLUDE_IN_FRAMEWORK_HEADER = YES;
				CLANG_WARN_RANGE_LOOP_ANALYSIS = YES;
				CLANG_WARN_STRICT_PROTOTYPES = YES;
				CLANG_WARN_SUSPICIOUS_MOVE = YES;
				CLANG_WARN_UNGUARDED_AVAILABILITY = YES_AGGRESSIVE;
				CLANG_WARN_UNREACHABLE_CODE = YES;
				CLANG_WARN__DUPLICATE_METHOD_MATCH = YES;
				COPY_PHASE_STRIP = NO;
				DEBUG_INFORMATION_FORMAT = dwarf;
				ENABLE_STRICT_OBJC_MSGSEND = YES;
				ENABLE_TESTABILITY = YES;
				GCC_C_LANGUAGE_STANDARD = gnu11;
				GCC_DYNAMIC_NO_PIC = NO;
				GCC_NO_COMMON_BLOCKS = YES;
				GCC_OPTIMIZATION_LEVEL = 0;
				GCC_PREPROCESSOR_DEFINITIONS = (
					"DEBUG=1",
					"$(inherited)",
				);
				GCC_WARN_64_TO_32_BIT_CONVERSION = YES;
				GCC_WARN_ABOUT_RETURN_TYPE = YES_ERROR;
				GCC_WARN_UNDECLARED_SELECTOR = YES;
				GCC_WARN_UNINITIALIZED_AUTOS = YES_AGGRESSIVE;
				GCC_WARN_UNUSED_FUNCTION = YES;
				GCC_WARN_UNUSED_VARIABLE = YES;
				IPHONEOS_DEPLOYMENT_TARGET = 15.0;
				MTL_ENABLE_DEBUG_INFO = INCLUDE_SOURCE;
				MTL_FAST_MATH = YES;
				ONLY_ACTIVE_ARCH = YES;
				SDKROOT = iphoneos;
				SWIFT_ACTIVE_COMPILATION_CONDITIONS = DEBUG;
				SWIFT_OPTIMIZATION_LEVEL = "-Onone";
			};
			name = Debug;
		};
		045E5CC02750BF3A0025A883 /* Release */ = {
			isa = XCBuildConfiguration;
			buildSettings = {
				ALWAYS_SEARCH_USER_PATHS = NO;
				CLANG_ANALYZER_NONNULL = YES;
				CLANG_ANALYZER_NUMBER_OBJECT_CONVERSION = YES_AGGRESSIVE;
				CLANG_CXX_LANGUAGE_STANDARD = "gnu++17";
				CLANG_CXX_LIBRARY = "libc++";
				CLANG_ENABLE_MODULES = YES;
				CLANG_ENABLE_OBJC_ARC = YES;
				CLANG_ENABLE_OBJC_WEAK = YES;
				CLANG_WARN_BLOCK_CAPTURE_AUTORELEASING = YES;
				CLANG_WARN_BOOL_CONVERSION = YES;
				CLANG_WARN_COMMA = YES;
				CLANG_WARN_CONSTANT_CONVERSION = YES;
				CLANG_WARN_DEPRECATED_OBJC_IMPLEMENTATIONS = YES;
				CLANG_WARN_DIRECT_OBJC_ISA_USAGE = YES_ERROR;
				CLANG_WARN_DOCUMENTATION_COMMENTS = YES;
				CLANG_WARN_EMPTY_BODY = YES;
				CLANG_WARN_ENUM_CONVERSION = YES;
				CLANG_WARN_INFINITE_RECURSION = YES;
				CLANG_WARN_INT_CONVERSION = YES;
				CLANG_WARN_NON_LITERAL_NULL_CONVERSION = YES;
				CLANG_WARN_OBJC_IMPLICIT_RETAIN_SELF = YES;
				CLANG_WARN_OBJC_LITERAL_CONVERSION = YES;
				CLANG_WARN_OBJC_ROOT_CLASS = YES_ERROR;
				CLANG_WARN_QUOTED_INCLUDE_IN_FRAMEWORK_HEADER = YES;
				CLANG_WARN_RANGE_LOOP_ANALYSIS = YES;
				CLANG_WARN_STRICT_PROTOTYPES = YES;
				CLANG_WARN_SUSPICIOUS_MOVE = YES;
				CLANG_WARN_UNGUARDED_AVAILABILITY = YES_AGGRESSIVE;
				CLANG_WARN_UNREACHABLE_CODE = YES;
				CLANG_WARN__DUPLICATE_METHOD_MATCH = YES;
				COPY_PHASE_STRIP = NO;
				DEBUG_INFORMATION_FORMAT = "dwarf-with-dsym";
				ENABLE_NS_ASSERTIONS = NO;
				ENABLE_STRICT_OBJC_MSGSEND = YES;
				GCC_C_LANGUAGE_STANDARD = gnu11;
				GCC_NO_COMMON_BLOCKS = YES;
				GCC_WARN_64_TO_32_BIT_CONVERSION = YES;
				GCC_WARN_ABOUT_RETURN_TYPE = YES_ERROR;
				GCC_WARN_UNDECLARED_SELECTOR = YES;
				GCC_WARN_UNINITIALIZED_AUTOS = YES_AGGRESSIVE;
				GCC_WARN_UNUSED_FUNCTION = YES;
				GCC_WARN_UNUSED_VARIABLE = YES;
				IPHONEOS_DEPLOYMENT_TARGET = 15.0;
				MTL_ENABLE_DEBUG_INFO = NO;
				MTL_FAST_MATH = YES;
				SDKROOT = iphoneos;
				SWIFT_COMPILATION_MODE = wholemodule;
				SWIFT_OPTIMIZATION_LEVEL = "-O";
				VALIDATE_PRODUCT = YES;
			};
			name = Release;
		};
		045E5CC22750BF3A0025A883 /* Debug */ = {
			isa = XCBuildConfiguration;
			baseConfigurationReference = 5F73E3B35996B162B155EAC7 /* Pods-Swiftnytimes.debug.xcconfig */;
			buildSettings = {
				ASSETCATALOG_COMPILER_APPICON_NAME = AppIcon;
				ASSETCATALOG_COMPILER_GLOBAL_ACCENT_COLOR_NAME = AccentColor;
				CODE_SIGN_STYLE = Automatic;
				CURRENT_PROJECT_VERSION = 1;
				GENERATE_INFOPLIST_FILE = YES;
				INFOPLIST_FILE = Swiftnytimes/Info.plist;
				INFOPLIST_KEY_UIApplicationSupportsIndirectInputEvents = YES;
				INFOPLIST_KEY_UILaunchStoryboardName = LaunchScreen;
				INFOPLIST_KEY_UIMainStoryboardFile = Main;
				INFOPLIST_KEY_UISupportedInterfaceOrientations_iPad = "UIInterfaceOrientationPortrait UIInterfaceOrientationPortraitUpsideDown UIInterfaceOrientationLandscapeLeft UIInterfaceOrientationLandscapeRight";
				INFOPLIST_KEY_UISupportedInterfaceOrientations_iPhone = "UIInterfaceOrientationPortrait UIInterfaceOrientationLandscapeLeft UIInterfaceOrientationLandscapeRight";
				LD_RUNPATH_SEARCH_PATHS = (
					"$(inherited)",
					"@executable_path/Frameworks",
				);
				MARKETING_VERSION = 1.0;
				PRODUCT_BUNDLE_IDENTIFIER = kpj.Swiftnytimes;
				PRODUCT_NAME = "$(TARGET_NAME)";
				SWIFT_EMIT_LOC_STRINGS = YES;
				SWIFT_VERSION = 5.0;
				TARGETED_DEVICE_FAMILY = "1,2";
			};
			name = Debug;
		};
		045E5CC32750BF3A0025A883 /* Release */ = {
			isa = XCBuildConfiguration;
			baseConfigurationReference = 2BF2296BC963C0C7097A9731 /* Pods-Swiftnytimes.release.xcconfig */;
			buildSettings = {
				ASSETCATALOG_COMPILER_APPICON_NAME = AppIcon;
				ASSETCATALOG_COMPILER_GLOBAL_ACCENT_COLOR_NAME = AccentColor;
				CODE_SIGN_STYLE = Automatic;
				CURRENT_PROJECT_VERSION = 1;
				GENERATE_INFOPLIST_FILE = YES;
				INFOPLIST_FILE = Swiftnytimes/Info.plist;
				INFOPLIST_KEY_UIApplicationSupportsIndirectInputEvents = YES;
				INFOPLIST_KEY_UILaunchStoryboardName = LaunchScreen;
				INFOPLIST_KEY_UIMainStoryboardFile = Main;
				INFOPLIST_KEY_UISupportedInterfaceOrientations_iPad = "UIInterfaceOrientationPortrait UIInterfaceOrientationPortraitUpsideDown UIInterfaceOrientationLandscapeLeft UIInterfaceOrientationLandscapeRight";
				INFOPLIST_KEY_UISupportedInterfaceOrientations_iPhone = "UIInterfaceOrientationPortrait UIInterfaceOrientationLandscapeLeft UIInterfaceOrientationLandscapeRight";
				LD_RUNPATH_SEARCH_PATHS = (
					"$(inherited)",
					"@executable_path/Frameworks",
				);
				MARKETING_VERSION = 1.0;
				PRODUCT_BUNDLE_IDENTIFIER = kpj.Swiftnytimes;
				PRODUCT_NAME = "$(TARGET_NAME)";
				SWIFT_EMIT_LOC_STRINGS = YES;
				SWIFT_VERSION = 5.0;
				TARGETED_DEVICE_FAMILY = "1,2";
			};
			name = Release;
		};
		045E5CC52750BF3A0025A883 /* Debug */ = {
			isa = XCBuildConfiguration;
			baseConfigurationReference = EE7E635B899EEE0DF78C7BC3 /* Pods-SwiftnytimesTests.debug.xcconfig */;
			buildSettings = {
				ALWAYS_EMBED_SWIFT_STANDARD_LIBRARIES = YES;
				BUNDLE_LOADER = "$(TEST_HOST)";
				CODE_SIGN_STYLE = Automatic;
				CURRENT_PROJECT_VERSION = 1;
				GENERATE_INFOPLIST_FILE = YES;
				IPHONEOS_DEPLOYMENT_TARGET = 15.0;
				LD_RUNPATH_SEARCH_PATHS = (
					"$(inherited)",
					"@executable_path/Frameworks",
					"@loader_path/Frameworks",
				);
				MARKETING_VERSION = 1.0;
				PRODUCT_BUNDLE_IDENTIFIER = kpj.SwiftnytimesTests;
				PRODUCT_NAME = "$(TARGET_NAME)";
				SWIFT_EMIT_LOC_STRINGS = NO;
				SWIFT_VERSION = 5.0;
				TARGETED_DEVICE_FAMILY = "1,2";
				TEST_HOST = "$(BUILT_PRODUCTS_DIR)/Swiftnytimes.app/Swiftnytimes";
			};
			name = Debug;
		};
		045E5CC62750BF3A0025A883 /* Release */ = {
			isa = XCBuildConfiguration;
			baseConfigurationReference = 3530E2637294737AA3133BA7 /* Pods-SwiftnytimesTests.release.xcconfig */;
			buildSettings = {
				ALWAYS_EMBED_SWIFT_STANDARD_LIBRARIES = YES;
				BUNDLE_LOADER = "$(TEST_HOST)";
				CODE_SIGN_STYLE = Automatic;
				CURRENT_PROJECT_VERSION = 1;
				GENERATE_INFOPLIST_FILE = YES;
				IPHONEOS_DEPLOYMENT_TARGET = 15.0;
				LD_RUNPATH_SEARCH_PATHS = (
					"$(inherited)",
					"@executable_path/Frameworks",
					"@loader_path/Frameworks",
				);
				MARKETING_VERSION = 1.0;
				PRODUCT_BUNDLE_IDENTIFIER = kpj.SwiftnytimesTests;
				PRODUCT_NAME = "$(TARGET_NAME)";
				SWIFT_EMIT_LOC_STRINGS = NO;
				SWIFT_VERSION = 5.0;
				TARGETED_DEVICE_FAMILY = "1,2";
				TEST_HOST = "$(BUILT_PRODUCTS_DIR)/Swiftnytimes.app/Swiftnytimes";
			};
			name = Release;
		};
		045E5CC82750BF3A0025A883 /* Debug */ = {
			isa = XCBuildConfiguration;
			baseConfigurationReference = 67284D42CD73F37E5B30DD05 /* Pods-Swiftnytimes-SwiftnytimesUITests.debug.xcconfig */;
			buildSettings = {
				ALWAYS_EMBED_SWIFT_STANDARD_LIBRARIES = YES;
				CODE_SIGN_STYLE = Automatic;
				CURRENT_PROJECT_VERSION = 1;
				GENERATE_INFOPLIST_FILE = YES;
				LD_RUNPATH_SEARCH_PATHS = (
					"$(inherited)",
					"@executable_path/Frameworks",
					"@loader_path/Frameworks",
				);
				MARKETING_VERSION = 1.0;
				PRODUCT_BUNDLE_IDENTIFIER = kpj.SwiftnytimesUITests;
				PRODUCT_NAME = "$(TARGET_NAME)";
				SWIFT_EMIT_LOC_STRINGS = NO;
				SWIFT_VERSION = 5.0;
				TARGETED_DEVICE_FAMILY = "1,2";
				TEST_TARGET_NAME = Swiftnytimes;
			};
			name = Debug;
		};
		045E5CC92750BF3A0025A883 /* Release */ = {
			isa = XCBuildConfiguration;
			baseConfigurationReference = FAA9876D5278C01ABE5BFBF0 /* Pods-Swiftnytimes-SwiftnytimesUITests.release.xcconfig */;
			buildSettings = {
				ALWAYS_EMBED_SWIFT_STANDARD_LIBRARIES = YES;
				CODE_SIGN_STYLE = Automatic;
				CURRENT_PROJECT_VERSION = 1;
				GENERATE_INFOPLIST_FILE = YES;
				LD_RUNPATH_SEARCH_PATHS = (
					"$(inherited)",
					"@executable_path/Frameworks",
					"@loader_path/Frameworks",
				);
				MARKETING_VERSION = 1.0;
				PRODUCT_BUNDLE_IDENTIFIER = kpj.SwiftnytimesUITests;
				PRODUCT_NAME = "$(TARGET_NAME)";
				SWIFT_EMIT_LOC_STRINGS = NO;
				SWIFT_VERSION = 5.0;
				TARGETED_DEVICE_FAMILY = "1,2";
				TEST_TARGET_NAME = Swiftnytimes;
			};
			name = Release;
		};
/* End XCBuildConfiguration section */

/* Begin XCConfigurationList section */
		045E5C922750BF360025A883 /* Build configuration list for PBXProject "Swiftnytimes" */ = {
			isa = XCConfigurationList;
			buildConfigurations = (
				045E5CBF2750BF3A0025A883 /* Debug */,
				045E5CC02750BF3A0025A883 /* Release */,
			);
			defaultConfigurationIsVisible = 0;
			defaultConfigurationName = Release;
		};
		045E5CC12750BF3A0025A883 /* Build configuration list for PBXNativeTarget "Swiftnytimes" */ = {
			isa = XCConfigurationList;
			buildConfigurations = (
				045E5CC22750BF3A0025A883 /* Debug */,
				045E5CC32750BF3A0025A883 /* Release */,
			);
			defaultConfigurationIsVisible = 0;
			defaultConfigurationName = Release;
		};
		045E5CC42750BF3A0025A883 /* Build configuration list for PBXNativeTarget "SwiftnytimesTests" */ = {
			isa = XCConfigurationList;
			buildConfigurations = (
				045E5CC52750BF3A0025A883 /* Debug */,
				045E5CC62750BF3A0025A883 /* Release */,
			);
			defaultConfigurationIsVisible = 0;
			defaultConfigurationName = Release;
		};
		045E5CC72750BF3A0025A883 /* Build configuration list for PBXNativeTarget "SwiftnytimesUITests" */ = {
			isa = XCConfigurationList;
			buildConfigurations = (
				045E5CC82750BF3A0025A883 /* Debug */,
				045E5CC92750BF3A0025A883 /* Release */,
			);
			defaultConfigurationIsVisible = 0;
			defaultConfigurationName = Release;
		};
/* End XCConfigurationList section */

/* Begin XCRemoteSwiftPackageReference section */
		045E5CE42750E36A0025A883 /* XCRemoteSwiftPackageReference "Toast-Swift" */ = {
			isa = XCRemoteSwiftPackageReference;
			repositoryURL = "https://github.com/scalessec/Toast-Swift";
			requirement = {
				kind = upToNextMajorVersion;
				minimumVersion = 5.0.0;
			};
		};
/* End XCRemoteSwiftPackageReference section */

/* Begin XCSwiftPackageProductDependency section */
		045E5CE52750E36A0025A883 /* Toast */ = {
			isa = XCSwiftPackageProductDependency;
			package = 045E5CE42750E36A0025A883 /* XCRemoteSwiftPackageReference "Toast-Swift" */;
			productName = Toast;
		};
/* End XCSwiftPackageProductDependency section */
	};
	rootObject = 045E5C8F2750BF360025A883 /* Project object */;
}
